// !$*UTF8*$!
{
	archiveVersion = 1;
	classes = {
	};
	objectVersion = 51;
	objects = {

/* Begin PBXBuildFile section */
		600FFB9CFA5AA1FA687FFB6B /* Pods_Corona_Assist.framework in Frameworks */ = {isa = PBXBuildFile; fileRef = 3398205681501CEBD92EDE0A /* Pods_Corona_Assist.framework */; };
		6F1E3E2824A89A7300D0F5B5 /* QRScannerOld-ImageRec.swift in Sources */ = {isa = PBXBuildFile; fileRef = 6F1E3E2724A89A7300D0F5B5 /* QRScannerOld-ImageRec.swift */; };
		6F1E3E2A24A89BF000D0F5B5 /* QRScanView.swift in Sources */ = {isa = PBXBuildFile; fileRef = 6F1E3E2924A89BF000D0F5B5 /* QRScanView.swift */; };
		6F1E3E2D24A8F1C600D0F5B5 /* ViewController.swift in Sources */ = {isa = PBXBuildFile; fileRef = 6F1E3E2C24A8F1C600D0F5B5 /* ViewController.swift */; };
		6F1E3E2F24A8F33200D0F5B5 /* MaskDetectorVC.swift in Sources */ = {isa = PBXBuildFile; fileRef = 6F1E3E2E24A8F33200D0F5B5 /* MaskDetectorVC.swift */; };
		6F55285624A4BB8E00D22B82 /* AppDelegate.swift in Sources */ = {isa = PBXBuildFile; fileRef = 6F55285524A4BB8E00D22B82 /* AppDelegate.swift */; };
		6F55285F24A4BB9100D22B82 /* Assets.xcassets in Resources */ = {isa = PBXBuildFile; fileRef = 6F55285E24A4BB9100D22B82 /* Assets.xcassets */; };
		6F55286224A4BB9100D22B82 /* LaunchScreen.storyboard in Resources */ = {isa = PBXBuildFile; fileRef = 6F55286024A4BB9100D22B82 /* LaunchScreen.storyboard */; };
		6F55286C24A4BBCB00D22B82 /* maskdetectionclassifiermodel.mlmodel in Sources */ = {isa = PBXBuildFile; fileRef = 6F55286A24A4BBC900D22B82 /* maskdetectionclassifiermodel.mlmodel */; };
		6F55286D24A4BBCB00D22B82 /* mymodel.mlmodel in Sources */ = {isa = PBXBuildFile; fileRef = 6F55286B24A4BBCB00D22B82 /* mymodel.mlmodel */; };
		6F55286F24A4BBFA00D22B82 /* Main.storyboard in Resources */ = {isa = PBXBuildFile; fileRef = 6F55286E24A4BBF900D22B82 /* Main.storyboard */; };
		6F55287524A4BC3000D22B82 /* QRScannerViewController.swift in Sources */ = {isa = PBXBuildFile; fileRef = 6F55287324A4BC3000D22B82 /* QRScannerViewController.swift */; };
		6FA3F2E024A4C3D700974F20 /* SceneDelegate.swift in Sources */ = {isa = PBXBuildFile; fileRef = 6FA3F2DF24A4C3D700974F20 /* SceneDelegate.swift */; };
		6FA3F2E224A4CAFA00974F20 /* tessdata in Resources */ = {isa = PBXBuildFile; fileRef = 6FA3F2E124A4CAFA00974F20 /* tessdata */; };
/* End PBXBuildFile section */

/* Begin PBXFileReference section */
		3398205681501CEBD92EDE0A /* Pods_Corona_Assist.framework */ = {isa = PBXFileReference; explicitFileType = wrapper.framework; includeInIndex = 0; path = Pods_Corona_Assist.framework; sourceTree = BUILT_PRODUCTS_DIR; };
		6F1E3E2724A89A7300D0F5B5 /* QRScannerOld-ImageRec.swift */ = {isa = PBXFileReference; lastKnownFileType = sourcecode.swift; path = "QRScannerOld-ImageRec.swift"; sourceTree = "<group>"; };
		6F1E3E2924A89BF000D0F5B5 /* QRScanView.swift */ = {isa = PBXFileReference; lastKnownFileType = sourcecode.swift; path = QRScanView.swift; sourceTree = "<group>"; };
		6F1E3E2C24A8F1C600D0F5B5 /* ViewController.swift */ = {isa = PBXFileReference; fileEncoding = 4; lastKnownFileType = sourcecode.swift; path = ViewController.swift; sourceTree = "<group>"; };
		6F1E3E2E24A8F33200D0F5B5 /* MaskDetectorVC.swift */ = {isa = PBXFileReference; lastKnownFileType = sourcecode.swift; path = MaskDetectorVC.swift; sourceTree = "<group>"; };
		6F55285224A4BB8E00D22B82 /* Corona Assist.app */ = {isa = PBXFileReference; explicitFileType = wrapper.application; includeInIndex = 0; path = "Corona Assist.app"; sourceTree = BUILT_PRODUCTS_DIR; };
		6F55285524A4BB8E00D22B82 /* AppDelegate.swift */ = {isa = PBXFileReference; lastKnownFileType = sourcecode.swift; path = AppDelegate.swift; sourceTree = "<group>"; };
		6F55285E24A4BB9100D22B82 /* Assets.xcassets */ = {isa = PBXFileReference; lastKnownFileType = folder.assetcatalog; path = Assets.xcassets; sourceTree = "<group>"; };
		6F55286124A4BB9100D22B82 /* Base */ = {isa = PBXFileReference; lastKnownFileType = file.storyboard; name = Base; path = Base.lproj/LaunchScreen.storyboard; sourceTree = "<group>"; };
		6F55286324A4BB9100D22B82 /* Info.plist */ = {isa = PBXFileReference; lastKnownFileType = text.plist.xml; path = Info.plist; sourceTree = "<group>"; };
		6F55286A24A4BBC900D22B82 /* maskdetectionclassifiermodel.mlmodel */ = {isa = PBXFileReference; lastKnownFileType = file.mlmodel; path = maskdetectionclassifiermodel.mlmodel; sourceTree = "<group>"; };
		6F55286B24A4BBCB00D22B82 /* mymodel.mlmodel */ = {isa = PBXFileReference; lastKnownFileType = file.mlmodel; path = mymodel.mlmodel; sourceTree = "<group>"; };
		6F55286E24A4BBF900D22B82 /* Main.storyboard */ = {isa = PBXFileReference; fileEncoding = 4; lastKnownFileType = file.storyboard; path = Main.storyboard; sourceTree = "<group>"; };
		6F55287324A4BC3000D22B82 /* QRScannerViewController.swift */ = {isa = PBXFileReference; fileEncoding = 4; lastKnownFileType = sourcecode.swift; path = QRScannerViewController.swift; sourceTree = "<group>"; };
		6FA3F2DF24A4C3D700974F20 /* SceneDelegate.swift */ = {isa = PBXFileReference; fileEncoding = 4; lastKnownFileType = sourcecode.swift; path = SceneDelegate.swift; sourceTree = "<group>"; };
		6FA3F2E124A4CAFA00974F20 /* tessdata */ = {isa = PBXFileReference; lastKnownFileType = folder; path = tessdata; sourceTree = "<group>"; };
		88D5A0A3F186F2D76013943F /* Pods-Corona Assist.release.xcconfig */ = {isa = PBXFileReference; includeInIndex = 1; lastKnownFileType = text.xcconfig; name = "Pods-Corona Assist.release.xcconfig"; path = "Target Support Files/Pods-Corona Assist/Pods-Corona Assist.release.xcconfig"; sourceTree = "<group>"; };
		EDBF69C6B2A58A4AE4D6DFE9 /* Pods-Corona Assist.debug.xcconfig */ = {isa = PBXFileReference; includeInIndex = 1; lastKnownFileType = text.xcconfig; name = "Pods-Corona Assist.debug.xcconfig"; path = "Target Support Files/Pods-Corona Assist/Pods-Corona Assist.debug.xcconfig"; sourceTree = "<group>"; };
/* End PBXFileReference section */

/* Begin PBXFrameworksBuildPhase section */
		6F55284F24A4BB8E00D22B82 /* Frameworks */ = {
			isa = PBXFrameworksBuildPhase;
			buildActionMask = 2147483647;
			files = (
				600FFB9CFA5AA1FA687FFB6B /* Pods_Corona_Assist.framework in Frameworks */,
			);
			runOnlyForDeploymentPostprocessing = 0;
		};
/* End PBXFrameworksBuildPhase section */

/* Begin PBXGroup section */
		6F55284924A4BB8E00D22B82 = {
			isa = PBXGroup;
			children = (
				6F55285424A4BB8E00D22B82 /* Corona Assist */,
				6F55285324A4BB8E00D22B82 /* Products */,
				B7077BF420A960D4AB10AAFC /* Pods */,
				EAE2C4CE7613B235E22DB689 /* Frameworks */,
			);
			sourceTree = "<group>";
		};
		6F55285324A4BB8E00D22B82 /* Products */ = {
			isa = PBXGroup;
			children = (
				6F55285224A4BB8E00D22B82 /* Corona Assist.app */,
			);
			name = Products;
			sourceTree = "<group>";
		};
		6F55285424A4BB8E00D22B82 /* Corona Assist */ = {
			isa = PBXGroup;
			children = (
				6FA3F2E124A4CAFA00974F20 /* tessdata */,
				6F55287624A4BC3600D22B82 /* viewcontrollers */,
				6F55286924A4BBAE00D22B82 /* models */,
				6F55285524A4BB8E00D22B82 /* AppDelegate.swift */,
				6FA3F2DF24A4C3D700974F20 /* SceneDelegate.swift */,
				6F55286E24A4BBF900D22B82 /* Main.storyboard */,
				6F55285E24A4BB9100D22B82 /* Assets.xcassets */,
				6F55286024A4BB9100D22B82 /* LaunchScreen.storyboard */,
				6F55286324A4BB9100D22B82 /* Info.plist */,
			);
			path = "Corona Assist";
			sourceTree = "<group>";
		};
		6F55286924A4BBAE00D22B82 /* models */ = {
			isa = PBXGroup;
			children = (
				6F55286A24A4BBC900D22B82 /* maskdetectionclassifiermodel.mlmodel */,
				6F55286B24A4BBCB00D22B82 /* mymodel.mlmodel */,
			);
			path = models;
			sourceTree = "<group>";
		};
		6F55287624A4BC3600D22B82 /* viewcontrollers */ = {
			isa = PBXGroup;
			children = (
				6F1E3E2C24A8F1C600D0F5B5 /* ViewController.swift */,
				6F55287324A4BC3000D22B82 /* QRScannerViewController.swift */,
				6F1E3E2724A89A7300D0F5B5 /* QRScannerOld-ImageRec.swift */,
				6F1E3E2924A89BF000D0F5B5 /* QRScanView.swift */,
				6F1E3E2E24A8F33200D0F5B5 /* MaskDetectorVC.swift */,
			);
			path = viewcontrollers;
			sourceTree = "<group>";
		};
		B7077BF420A960D4AB10AAFC /* Pods */ = {
			isa = PBXGroup;
			children = (
				EDBF69C6B2A58A4AE4D6DFE9 /* Pods-Corona Assist.debug.xcconfig */,
				88D5A0A3F186F2D76013943F /* Pods-Corona Assist.release.xcconfig */,
			);
			path = Pods;
			sourceTree = "<group>";
		};
		EAE2C4CE7613B235E22DB689 /* Frameworks */ = {
			isa = PBXGroup;
			children = (
				3398205681501CEBD92EDE0A /* Pods_Corona_Assist.framework */,
			);
			name = Frameworks;
			sourceTree = "<group>";
		};
/* End PBXGroup section */

/* Begin PBXNativeTarget section */
		6F55285124A4BB8E00D22B82 /* Corona Assist */ = {
			isa = PBXNativeTarget;
			buildConfigurationList = 6F55286624A4BB9100D22B82 /* Build configuration list for PBXNativeTarget "Corona Assist" */;
			buildPhases = (
				06D3E267E1DF1EA6ABC594CD /* [CP] Check Pods Manifest.lock */,
				6F55284E24A4BB8E00D22B82 /* Sources */,
				6F55284F24A4BB8E00D22B82 /* Frameworks */,
				6F55285024A4BB8E00D22B82 /* Resources */,
				BC2DA872382D2EB755CA1E04 /* [CP] Embed Pods Frameworks */,
			);
			buildRules = (
			);
			dependencies = (
			);
			name = "Corona Assist";
			productName = "Corona Assist";
			productReference = 6F55285224A4BB8E00D22B82 /* Corona Assist.app */;
			productType = "com.apple.product-type.application";
		};
/* End PBXNativeTarget section */

/* Begin PBXProject section */
		6F55284A24A4BB8E00D22B82 /* Project object */ = {
			isa = PBXProject;
			attributes = {
				LastSwiftUpdateCheck = 1150;
				LastUpgradeCheck = 1150;
				ORGANIZATIONNAME = ck;
				TargetAttributes = {
					6F55285124A4BB8E00D22B82 = {
						CreatedOnToolsVersion = 11.5;
					};
				};
			};
			buildConfigurationList = 6F55284D24A4BB8E00D22B82 /* Build configuration list for PBXProject "Corona Assist" */;
			compatibilityVersion = "Xcode 9.3";
			developmentRegion = en;
			hasScannedForEncodings = 0;
			knownRegions = (
				en,
				Base,
			);
			mainGroup = 6F55284924A4BB8E00D22B82;
			productRefGroup = 6F55285324A4BB8E00D22B82 /* Products */;
			projectDirPath = "";
			projectRoot = "";
			targets = (
				6F55285124A4BB8E00D22B82 /* Corona Assist */,
			);
		};
/* End PBXProject section */

/* Begin PBXResourcesBuildPhase section */
		6F55285024A4BB8E00D22B82 /* Resources */ = {
			isa = PBXResourcesBuildPhase;
			buildActionMask = 2147483647;
			files = (
				6F55286224A4BB9100D22B82 /* LaunchScreen.storyboard in Resources */,
				6FA3F2E224A4CAFA00974F20 /* tessdata in Resources */,
				6F55285F24A4BB9100D22B82 /* Assets.xcassets in Resources */,
				6F55286F24A4BBFA00D22B82 /* Main.storyboard in Resources */,
			);
			runOnlyForDeploymentPostprocessing = 0;
		};
/* End PBXResourcesBuildPhase section */

/* Begin PBXShellScriptBuildPhase section */
		06D3E267E1DF1EA6ABC594CD /* [CP] Check Pods Manifest.lock */ = {
			isa = PBXShellScriptBuildPhase;
			buildActionMask = 2147483647;
			files = (
			);
			inputFileListPaths = (
			);
			inputPaths = (
				"${PODS_PODFILE_DIR_PATH}/Podfile.lock",
				"${PODS_ROOT}/Manifest.lock",
			);
			name = "[CP] Check Pods Manifest.lock";
			outputFileListPaths = (
			);
			outputPaths = (
				"$(DERIVED_FILE_DIR)/Pods-Corona Assist-checkManifestLockResult.txt",
			);
			runOnlyForDeploymentPostprocessing = 0;
			shellPath = /bin/sh;
			shellScript = "diff \"${PODS_PODFILE_DIR_PATH}/Podfile.lock\" \"${PODS_ROOT}/Manifest.lock\" > /dev/null\nif [ $? != 0 ] ; then\n    # print error to STDERR\n    echo \"error: The sandbox is not in sync with the Podfile.lock. Run 'pod install' or update your CocoaPods installation.\" >&2\n    exit 1\nfi\n# This output is used by Xcode 'outputs' to avoid re-running this script phase.\necho \"SUCCESS\" > \"${SCRIPT_OUTPUT_FILE_0}\"\n";
			showEnvVarsInLog = 0;
		};
		BC2DA872382D2EB755CA1E04 /* [CP] Embed Pods Frameworks */ = {
			isa = PBXShellScriptBuildPhase;
			buildActionMask = 2147483647;
			files = (
			);
			inputFileListPaths = (
				"${PODS_ROOT}/Target Support Files/Pods-Corona Assist/Pods-Corona Assist-frameworks-${CONFIGURATION}-input-files.xcfilelist",
			);
			name = "[CP] Embed Pods Frameworks";
			outputFileListPaths = (
				"${PODS_ROOT}/Target Support Files/Pods-Corona Assist/Pods-Corona Assist-frameworks-${CONFIGURATION}-output-files.xcfilelist",
			);
			runOnlyForDeploymentPostprocessing = 0;
			shellPath = /bin/sh;
			shellScript = "\"${PODS_ROOT}/Target Support Files/Pods-Corona Assist/Pods-Corona Assist-frameworks.sh\"\n";
			showEnvVarsInLog = 0;
		};
/* End PBXShellScriptBuildPhase section */

/* Begin PBXSourcesBuildPhase section */
		6F55284E24A4BB8E00D22B82 /* Sources */ = {
			isa = PBXSourcesBuildPhase;
			buildActionMask = 2147483647;
			files = (
				6F1E3E2824A89A7300D0F5B5 /* QRScannerOld-ImageRec.swift in Sources */,
				6F1E3E2A24A89BF000D0F5B5 /* QRScanView.swift in Sources */,
				6FA3F2E024A4C3D700974F20 /* SceneDelegate.swift in Sources */,
				6F1E3E2F24A8F33200D0F5B5 /* MaskDetectorVC.swift in Sources */,
				6F55286C24A4BBCB00D22B82 /* maskdetectionclassifiermodel.mlmodel in Sources */,
				6F55285624A4BB8E00D22B82 /* AppDelegate.swift in Sources */,
				6F55286D24A4BBCB00D22B82 /* mymodel.mlmodel in Sources */,
				6F1E3E2D24A8F1C600D0F5B5 /* ViewController.swift in Sources */,
				6F55287524A4BC3000D22B82 /* QRScannerViewController.swift in Sources */,
			);
			runOnlyForDeploymentPostprocessing = 0;
		};
/* End PBXSourcesBuildPhase section */

/* Begin PBXVariantGroup section */
		6F55286024A4BB9100D22B82 /* LaunchScreen.storyboard */ = {
			isa = PBXVariantGroup;
			children = (
				6F55286124A4BB9100D22B82 /* Base */,
			);
			name = LaunchScreen.storyboard;
			sourceTree = "<group>";
		};
/* End PBXVariantGroup section */

/* Begin XCBuildConfiguration section */
		6F55286424A4BB9100D22B82 /* Debug */ = {
			isa = XCBuildConfiguration;
			buildSettings = {
				ALWAYS_SEARCH_USER_PATHS = NO;
				CLANG_ANALYZER_NONNULL = YES;
				CLANG_ANALYZER_NUMBER_OBJECT_CONVERSION = YES_AGGRESSIVE;
				CLANG_CXX_LANGUAGE_STANDARD = "gnu++14";
				CLANG_CXX_LIBRARY = "libc++";
				CLANG_ENABLE_MODULES = YES;
				CLANG_ENABLE_OBJC_ARC = YES;
				CLANG_ENABLE_OBJC_WEAK = YES;
				CLANG_WARN_BLOCK_CAPTURE_AUTORELEASING = YES;
				CLANG_WARN_BOOL_CONVERSION = YES;
				CLANG_WARN_COMMA = YES;
				CLANG_WARN_CONSTANT_CONVERSION = YES;
				CLANG_WARN_DEPRECATED_OBJC_IMPLEMENTATIONS = YES;
				CLANG_WARN_DIRECT_OBJC_ISA_USAGE = YES_ERROR;
				CLANG_WARN_DOCUMENTATION_COMMENTS = YES;
				CLANG_WARN_EMPTY_BODY = YES;
				CLANG_WARN_ENUM_CONVERSION = YES;
				CLANG_WARN_INFINITE_RECURSION = YES;
				CLANG_WARN_INT_CONVERSION = YES;
				CLANG_WARN_NON_LITERAL_NULL_CONVERSION = YES;
				CLANG_WARN_OBJC_IMPLICIT_RETAIN_SELF = YES;
				CLANG_WARN_OBJC_LITERAL_CONVERSION = YES;
				CLANG_WARN_OBJC_ROOT_CLASS = YES_ERROR;
				CLANG_WARN_RANGE_LOOP_ANALYSIS = YES;
				CLANG_WARN_STRICT_PROTOTYPES = YES;
				CLANG_WARN_SUSPICIOUS_MOVE = YES;
				CLANG_WARN_UNGUARDED_AVAILABILITY = YES_AGGRESSIVE;
				CLANG_WARN_UNREACHABLE_CODE = YES;
				CLANG_WARN__DUPLICATE_METHOD_MATCH = YES;
				COPY_PHASE_STRIP = NO;
				DEBUG_INFORMATION_FORMAT = dwarf;
				ENABLE_STRICT_OBJC_MSGSEND = YES;
				ENABLE_TESTABILITY = YES;
				GCC_C_LANGUAGE_STANDARD = gnu11;
				GCC_DYNAMIC_NO_PIC = NO;
				GCC_NO_COMMON_BLOCKS = YES;
				GCC_OPTIMIZATION_LEVEL = 0;
				GCC_PREPROCESSOR_DEFINITIONS = (
					"DEBUG=1",
					"$(inherited)",
				);
				GCC_WARN_64_TO_32_BIT_CONVERSION = YES;
				GCC_WARN_ABOUT_RETURN_TYPE = YES_ERROR;
				GCC_WARN_UNDECLARED_SELECTOR = YES;
				GCC_WARN_UNINITIALIZED_AUTOS = YES_AGGRESSIVE;
				GCC_WARN_UNUSED_FUNCTION = YES;
				GCC_WARN_UNUSED_VARIABLE = YES;
				IPHONEOS_DEPLOYMENT_TARGET = 10.0;
				MTL_ENABLE_DEBUG_INFO = INCLUDE_SOURCE;
				MTL_FAST_MATH = YES;
				ONLY_ACTIVE_ARCH = YES;
				SDKROOT = iphoneos;
				SWIFT_ACTIVE_COMPILATION_CONDITIONS = DEBUG;
				SWIFT_OPTIMIZATION_LEVEL = "-Onone";
			};
			name = Debug;
		};
		6F55286524A4BB9100D22B82 /* Release */ = {
			isa = XCBuildConfiguration;
			buildSettings = {
				ALWAYS_SEARCH_USER_PATHS = NO;
				CLANG_ANALYZER_NONNULL = YES;
				CLANG_ANALYZER_NUMBER_OBJECT_CONVERSION = YES_AGGRESSIVE;
				CLANG_CXX_LANGUAGE_STANDARD = "gnu++14";
				CLANG_CXX_LIBRARY = "libc++";
				CLANG_ENABLE_MODULES = YES;
				CLANG_ENABLE_OBJC_ARC = YES;
				CLANG_ENABLE_OBJC_WEAK = YES;
				CLANG_WARN_BLOCK_CAPTURE_AUTORELEASING = YES;
				CLANG_WARN_BOOL_CONVERSION = YES;
				CLANG_WARN_COMMA = YES;
				CLANG_WARN_CONSTANT_CONVERSION = YES;
				CLANG_WARN_DEPRECATED_OBJC_IMPLEMENTATIONS = YES;
				CLANG_WARN_DIRECT_OBJC_ISA_USAGE = YES_ERROR;
				CLANG_WARN_DOCUMENTATION_COMMENTS = YES;
				CLANG_WARN_EMPTY_BODY = YES;
				CLANG_WARN_ENUM_CONVERSION = YES;
				CLANG_WARN_INFINITE_RECURSION = YES;
				CLANG_WARN_INT_CONVERSION = YES;
				CLANG_WARN_NON_LITERAL_NULL_CONVERSION = YES;
				CLANG_WARN_OBJC_IMPLICIT_RETAIN_SELF = YES;
				CLANG_WARN_OBJC_LITERAL_CONVERSION = YES;
				CLANG_WARN_OBJC_ROOT_CLASS = YES_ERROR;
				CLANG_WARN_RANGE_LOOP_ANALYSIS = YES;
				CLANG_WARN_STRICT_PROTOTYPES = YES;
				CLANG_WARN_SUSPICIOUS_MOVE = YES;
				CLANG_WARN_UNGUARDED_AVAILABILITY = YES_AGGRESSIVE;
				CLANG_WARN_UNREACHABLE_CODE = YES;
				CLANG_WARN__DUPLICATE_METHOD_MATCH = YES;
				COPY_PHASE_STRIP = NO;
				DEBUG_INFORMATION_FORMAT = "dwarf-with-dsym";
				ENABLE_NS_ASSERTIONS = NO;
				ENABLE_STRICT_OBJC_MSGSEND = YES;
				GCC_C_LANGUAGE_STANDARD = gnu11;
				GCC_NO_COMMON_BLOCKS = YES;
				GCC_WARN_64_TO_32_BIT_CONVERSION = YES;
				GCC_WARN_ABOUT_RETURN_TYPE = YES_ERROR;
				GCC_WARN_UNDECLARED_SELECTOR = YES;
				GCC_WARN_UNINITIALIZED_AUTOS = YES_AGGRESSIVE;
				GCC_WARN_UNUSED_FUNCTION = YES;
				GCC_WARN_UNUSED_VARIABLE = YES;
				IPHONEOS_DEPLOYMENT_TARGET = 10.0;
				MTL_ENABLE_DEBUG_INFO = NO;
				MTL_FAST_MATH = YES;
				SDKROOT = iphoneos;
				SWIFT_COMPILATION_MODE = wholemodule;
				SWIFT_OPTIMIZATION_LEVEL = "-O";
				VALIDATE_PRODUCT = YES;
			};
			name = Release;
		};
		6F55286724A4BB9100D22B82 /* Debug */ = {
			isa = XCBuildConfiguration;
			baseConfigurationReference = EDBF69C6B2A58A4AE4D6DFE9 /* Pods-Corona Assist.debug.xcconfig */;
			buildSettings = {
				ASSETCATALOG_COMPILER_APPICON_NAME = AppIcon;
				CODE_SIGN_STYLE = Automatic;
				DEVELOPMENT_TEAM = 33Q59BW6C5;
				INFOPLIST_FILE = "Corona Assist/Info.plist";
				IPHONEOS_DEPLOYMENT_TARGET = 10.0;
				LD_RUNPATH_SEARCH_PATHS = (
					"$(inherited)",
					"@executable_path/Frameworks",
				);
				PRODUCT_BUNDLE_IDENTIFIER = "com.ceekay.Corona-Assist";
				PRODUCT_NAME = "$(TARGET_NAME)";
				SWIFT_VERSION = 5.0;
				TARGETED_DEVICE_FAMILY = "1,2";
			};
			name = Debug;
		};
		6F55286824A4BB9100D22B82 /* Release */ = {
			isa = XCBuildConfiguration;
			baseConfigurationReference = 88D5A0A3F186F2D76013943F /* Pods-Corona Assist.release.xcconfig */;
			buildSettings = {
				ASSETCATALOG_COMPILER_APPICON_NAME = AppIcon;
				CODE_SIGN_STYLE = Automatic;
				DEVELOPMENT_TEAM = 33Q59BW6C5;
				INFOPLIST_FILE = "Corona Assist/Info.plist";
				IPHONEOS_DEPLOYMENT_TARGET = 10.0;
				LD_RUNPATH_SEARCH_PATHS = (
					"$(inherited)",
					"@executable_path/Frameworks",
				);
				PRODUCT_BUNDLE_IDENTIFIER = "com.ceekay.Corona-Assist";
				PRODUCT_NAME = "$(TARGET_NAME)";
				SWIFT_VERSION = 5.0;
				TARGETED_DEVICE_FAMILY = "1,2";
			};
			name = Release;
		};
/* End XCBuildConfiguration section */

/* Begin XCConfigurationList section */
		6F55284D24A4BB8E00D22B82 /* Build configuration list for PBXProject "Corona Assist" */ = {
			isa = XCConfigurationList;
			buildConfigurations = (
				6F55286424A4BB9100D22B82 /* Debug */,
				6F55286524A4BB9100D22B82 /* Release */,
			);
			defaultConfigurationIsVisible = 0;
			defaultConfigurationName = Release;
		};
		6F55286624A4BB9100D22B82 /* Build configuration list for PBXNativeTarget "Corona Assist" */ = {
			isa = XCConfigurationList;
			buildConfigurations = (
				6F55286724A4BB9100D22B82 /* Debug */,
				6F55286824A4BB9100D22B82 /* Release */,
			);
			defaultConfigurationIsVisible = 0;
			defaultConfigurationName = Release;
		};
/* End XCConfigurationList section */
	};
	rootObject = 6F55284A24A4BB8E00D22B82 /* Project object */;
}
